{
  "name": "aisdk-kotlin",
  "lockfileVersion": 3,
  "requires": true,
  "packages": {
    "": {
      "devDependencies": {
        "@ast-grep/cli": "0.45.1"
      }
    },
    "node_modules/@ast-grep/cli": {
      "version": "0.45.1",
      "resolved": "https://registry.npmjs.org/@ast-grep/cli/-/cli-0.45.1.tgz",
      "integrity": "sha512-Bt9Vuqd+gmtwERy1kzj5R9yq96Ws1d2ZukEXy0mzLcJ+S0pU9uaJhETUSTmaHro1LNu9G4GeJ3YOXL1gQRQySA==",
      "dev": true,
      "hasInstallScript": true,
      "license": "MIT",
      "dependencies": {
        "detect-libc": "2.1.2"
      },
      "bin": {
        "ast-grep": "ast-grep",
        "sg": "sg"
      },
      "engines": {
        "node": ">= 12.0.0"
      },
      "optionalDependencies": {
        "@ast-grep/cli-darwin-arm64": "0.45.1",
        "@ast-grep/cli-darwin-x64": "0.45.1",
        "@ast-grep/cli-linux-arm64-gnu": "0.45.1",
        "@ast-grep/cli-linux-x64-gnu": "0.45.1",
        "@ast-grep/cli-win32-arm64-msvc": "0.45.1",
        "@ast-grep/cli-win32-ia32-msvc": "0.45.1",
        "@ast-grep/cli-win32-x64-msvc": "0.45.1"
      }
    },
    "node_modules/@ast-grep/cli-darwin-arm64": {
      "version": "0.45.1",
      "resolved": "https://registry.npmjs.org/@ast-grep/cli-darwin-arm64/-/cli-darwin-arm64-0.45.1.tgz",
      "integrity": "sha512-hN/TDTvfry106SWn0pxepxFpAOvibuZJ80J5xU80WmY97Vjdc0cSKd49GBz2F+V8bzqn0SXchnoPXKLSJHB9kA==",
      "cpu": [
        "arm64"
      ],
      "dev": true,
      "license": "MIT",
      "optional": true,
      "os": [
        "darwin"
      ],
      "engines": {
        "node": ">= 10"
      }
    },
    "node_modules/@ast-grep/cli-darwin-x64": {
      "version": "0.45.1",
      "resolved": "https://registry.npmjs.org/@ast-grep/cli-darwin-x64/-/cli-darwin-x64-0.45.1.tgz",
      "integrity": "sha512-wyQ8hXqNwTC6+4KYf4LvmemNyq+iKXfimXVKS9ZDJ8mE7/3VOuynPVuCFB7h+C5rVErzDJ9tZWwLLpSLnpYuhQ==",
      "cpu": [
        "x64"
      ],
      "dev": true,
      "license": "MIT",
      "optional": true,
      "os": [
        "darwin"
      ],
      "engines": {
        "node": ">= 10"
      }
    },
    "node_modules/@ast-grep/cli-linux-arm64-gnu": {
      "version": "0.45.1",
      "resolved": "https://registry.npmjs.org/@ast-grep/cli-linux-arm64-gnu/-/cli-linux-arm64-gnu-0.45.1.tgz",
      "integrity": "sha512-yhIGIXDcvI7v4hLicA1dtvkf+QJ8WA8f/b/066gVhqhimiBgbdONkavrE3P5iOjwMLhfyTF0cQV9rkiKg93fvQ==",
      "cpu": [
        "arm64"
      ],
      "dev": true,
      "libc": [
        "glibc"
      ],
      "license": "MIT",
      "optional": true,
      "os": [
        "linux"
      ],
      "engines": {
        "node": ">= 10"
      }
    },
    "node_modules/@ast-grep/cli-linux-x64-gnu": {
      "version": "0.45.1",
      "resolved": "https://registry.npmjs.org/@ast-grep/cli-linux-x64-gnu/-/cli-linux-x64-gnu-0.45.1.tgz",
      "integrity": "sha512-vL6zdHagU3znogJN5KuZWECdTw9dTUf6/e5G5k9bNpvI+0gcrfuJj8hH8o/Wqyb5Qd4tuNdgJMwbHDTFbhtYvg==",
      "cpu": [
        "x64"
      ],
      "dev": true,
      "libc": [
        "glibc"
      ],
      "license": "MIT",
      "optional": true,
      "os": [
        "linux"
      ],
      "engines": {
        "node": ">= 10"
      }
    },
    "node_modules/@ast-grep/cli-win32-arm64-msvc": {
      "version": "0.45.1",
      "resolved": "https://registry.npmjs.org/@ast-grep/cli-win32-arm64-msvc/-/cli-win32-arm64-msvc-0.45.1.tgz",
      "integrity": "sha512-JzOFnMAk+Wd6ApnP96Fam7eJX5JiV5/V09akzc/p129Ko1tmym7w/1oALuyVMV+unRTepj9XRrtfrF3XZG64lQ==",
      "cpu": [
        "arm64"
      ],
      "dev": true,
      "license": "MIT",
      "optional": true,
      "os": [
        "win32"
      ],
      "engines": {
        "node": ">= 10"
      }
    },
    "node_modules/@ast-grep/cli-win32-ia32-msvc": {
      "version": "0.45.1",
      "resolved": "https://registry.npmjs.org/@ast-grep/cli-win32-ia32-msvc/-/cli-win32-ia32-msvc-0.45.1.tgz",
      "integrity": "sha512-uwgCUOq6B8//u+LhicTjg3CfA9mcpCgajfv5AWNxHE1Qw8F2wLRszDXK03+l/l8biaE13uHE2857mr6x6m/F+A==",
      "cpu": [
        "ia32"
      ],
      "dev": true,
      "license": "MIT",
      "optional": true,
      "os": [
        "win32"
      ],
      "engines": {
        "node": ">= 10"
      }
    },
    "node_modules/@ast-grep/cli-win32-x64-msvc": {
      "version": "0.45.1",
      "resolved": "https://registry.npmjs.org/@ast-grep/cli-win32-x64-msvc/-/cli-win32-x64-msvc-0.45.1.tgz",
      "integrity": "sha512-fDYXALDte7yt44Jmhu7kjPZFCmHOPN6SrtMAYqKlYgkxPtSC/UfTe2XpDNxyTgBV3rMLkw/61bj6KQkwXwuBNg==",
      "cpu": [
        "x64"
      ],
      "dev": true,
      "license": "MIT",
      "optional": true,
      "os": [
        "win32"
      ],
      "engines": {
        "node": ">= 10"
      }
    },
    "node_modules/detect-libc": {
      "version": "2.1.2",
      "resolved": "https://registry.npmjs.org/detect-libc/-/detect-libc-2.1.2.tgz",
      "integrity": "sha512-Btj2BOOO83o3WyH59e8MgXsxEQVcarkUOpEYrubB0urwnN10yQ364rsiByU11nZlqWYZm05i/of7io4mzihBtQ==",
      "dev": true,
      "license": "Apache-2.0",
      "engines": {
        "node": ">=8"
      }
    }
  }
}
